Microsoft Visual Studio Solution File, Format Version 12.00
# Visual Studio 15
VisualStudioVersion = 15.0.28307.421
MinimumVisualStudioVersion = 10.0.40219.1
Project("{8BC9CEB8-8B4A-11D0-8D11-00A0C91BC942}") = "Factory", "demo\test\Factory\Factory.vcxproj", "{925D5863-2F77-41B7-96F1-CC814762C40F}"
EndProject
Project("{8BC9CEB8-8B4A-11D0-8D11-00A0C91BC942}") = "Longevity", "demo\test\Longevity\Longevity.vcxproj", "{1333D945-B228-4845-9C91-C1B67AEEAED5}"
EndProject
Project("{8BC9CEB8-8B4A-11D0-8D11-00A0C91BC942}") = "OrderedStatic", "demo\test\OrderedStatic\OrderedStatic.vcxproj", "{0DCBE03A-DAC7-4669-B29B-102D8F563736}"
EndProject
Project("{8BC9CEB8-8B4A-11D0-8D11-00A0C91BC942}") = "SafeFormat", "demo\test\SafeFormat\SafeFormat.vcxproj", "{C161D9DD-EB96-44D0-9CDD-ABF22ECBC359}"
EndProject
Project("{8BC9CEB8-8B4A-11D0-8D11-00A0C91BC942}") = "ScopeGuard", "demo\test\ScopeGuard\ScopeGuard.vcxproj", "{D5E7BAC2-A961-4ECC-ADA4-82D7510952BA}"
EndProject
Project("{8BC9CEB8-8B4A-11D0-8D11-00A0C91BC942}") = "Singleton", "demo\test\Singleton\Singleton.vcxproj", "{9F489E5D-9F29-4235-A9D4-79B5BA4EC48D}"
EndProject
Project("{8BC9CEB8-8B4A-11D0-8D11-00A0C91BC942}") = "Visitor", "demo\test\Visitor\Visitor.vcxproj", "{0A696379-10A2-43FB-A26C-B42456FCF657}"
EndProject
Project("{8BC9CEB8-8B4A-11D0-8D11-00A0C91BC942}") = "flex_string", "demo\test\flex_string\flex_string.vcxproj", "{2022B9AD-34CA-4FDA-80C2-42805FABE65B}"
EndProject
Project("{8BC9CEB8-8B4A-11D0-8D11-00A0C91BC942}") = "SmallObjCompare", "demo\test\SmallObj\SmallObjCompare.vcxproj", "{0A98B714-818C-4DD3-A07C-BDD16399F362}"
EndProject
Project("{8BC9CEB8-8B4A-11D0-8D11-00A0C91BC942}") = "SmallObjSingleton", "demo\test\SmallObj\SmallObjSingleton.vcxproj", "{78536B46-8307-4AE5-933E-0CADE2887AFB}"
EndProject
Project("{8BC9CEB8-8B4A-11D0-8D11-00A0C91BC942}") = "DeletableSingleton", "demo\test\DeletableSingleton\DeletableSingleton.vcxproj", "{B87B3522-7DAA-400D-A47D-A74B9B8B3552}"
EndProject
Project("{8BC9CEB8-8B4A-11D0-8D11-00A0C91BC942}") = "DefaultAlloc", "demo\test\SmallObj\DefaultAlloc.vcxproj", "{D490B134-B794-42CF-8AF8-9FDA524B9D3B}"
EndProject
Project("{8BC9CEB8-8B4A-11D0-8D11-00A0C91BC942}") = "SmartPtr", "demo\test\SmartPtr\SmartPtr.vcxproj", "{D7AB4FEF-E7AF-443D-93A5-37F323F2042D}"
EndProject
Project("{8BC9CEB8-8B4A-11D0-8D11-00A0C91BC942}") = "MSVCUnitTest", "demo\test\RegressionTest\MSVCUnitTest.vcxproj", "{79729949-F144-4098-BFE9-B6320E6AC3F6}"
EndProject
Project("{8BC9CEB8-8B4A-11D0-8D11-00A0C91BC942}") = "Pimpl", "demo\test\Pimpl\Pimpl.vcxproj", "{21D2B291-80F4-476C-A643-B8A7034DF95F}"
EndProject
Project("{8BC9CEB8-8B4A-11D0-8D11-00A0C91BC942}") = "LockingPtr", "demo\test\LockingPtr\LockingPtr.vcxproj", "{25766C3F-C0D8-429F-A212-5FA3537B3E1C}"
EndProject
Project("{8BC9CEB8-8B4A-11D0-8D11-00A0C91BC942}") = "Function", "demo\test\Function\Function.vcxproj", "{2DE18D06-0F3A-4C6D-AF2B-40E074B3C3DC}"
EndProject
Project("{8BC9CEB8-8B4A-11D0-8D11-00A0C91BC942}") = "CachedFactory", "demo\test\CachedFactory\CachedFactory.vcxproj", "{8D186AB4-E544-42D6-B192-1AE2C946875E}"
EndProject
Project("{8BC9CEB8-8B4A-11D0-8D11-00A0C91BC942}") = "CheckReturn", "demo\test\CheckReturn\CheckReturn.vcxproj", "{C0826A05-9143-4545-B5DE-811C188CB54E}"
EndProject
Project("{8BC9CEB8-8B4A-11D0-8D11-00A0C91BC942}") = "Checker", "demo\test\Checker\Checker.vcxproj", "{B1C04D81-E666-466A-A394-A3E74C830692}"
EndProject
Project("{8BC9CEB8-8B4A-11D0-8D11-00A0C91BC942}") = "LevelMutex", "demo\test\LevelMutex\LevelMutex.vcxproj", "{7C09E027-5484-4641-8310-BDDEB1EC8676}"
EndProject
Project("{8BC9CEB8-8B4A-11D0-8D11-00A0C91BC942}") = "SafeBits", "demo\test\SafeBits\SafeBits.vcxproj", "{ECD7ED50-B99D-44BE-BA38-E17D6110C3E5}"
EndProject
Project("{2150E333-8FDC-42A3-9474-1A3956D46DE8}") = "0_thirdparty", "0_thirdparty", "{BD8B0540-8ABB-41B2-8B39-BDD34503A631}"
EndProject
Project("{2150E333-8FDC-42A3-9474-1A3956D46DE8}") = "1_demo", "1_demo", "{FD953EC0-F4C6-43DC-B568-070F71B9DDA7}"
EndProject
Project("{8BC9CEB8-8B4A-11D0-8D11-00A0C91BC942}") = "libloki", "thirdparty\loki-0.1.7\libloki.vcxproj", "{CBDB8E7A-4286-4AE3-A190-BA33D7C53FF0}"
EndProject
Global
	GlobalSection(SolutionConfigurationPlatforms) = preSolution
		Debug|x64 = Debug|x64
		Release|x64 = Release|x64
	EndGlobalSection
	GlobalSection(ProjectConfigurationPlatforms) = postSolution
		{925D5863-2F77-41B7-96F1-CC814762C40F}.Debug|x64.ActiveCfg = Debug|x64
		{925D5863-2F77-41B7-96F1-CC814762C40F}.Debug|x64.Build.0 = Debug|x64
		{925D5863-2F77-41B7-96F1-CC814762C40F}.Release|x64.ActiveCfg = Release|x64
		{925D5863-2F77-41B7-96F1-CC814762C40F}.Release|x64.Build.0 = Release|x64
		{1333D945-B228-4845-9C91-C1B67AEEAED5}.Debug|x64.ActiveCfg = Debug|x64
		{1333D945-B228-4845-9C91-C1B67AEEAED5}.Debug|x64.Build.0 = Debug|x64
		{1333D945-B228-4845-9C91-C1B67AEEAED5}.Release|x64.ActiveCfg = Release|x64
		{1333D945-B228-4845-9C91-C1B67AEEAED5}.Release|x64.Build.0 = Release|x64
		{0DCBE03A-DAC7-4669-B29B-102D8F563736}.Debug|x64.ActiveCfg = Debug|x64
		{0DCBE03A-DAC7-4669-B29B-102D8F563736}.Debug|x64.Build.0 = Debug|x64
		{0DCBE03A-DAC7-4669-B29B-102D8F563736}.Release|x64.ActiveCfg = Release|x64
		{0DCBE03A-DAC7-4669-B29B-102D8F563736}.Release|x64.Build.0 = Release|x64
		{C161D9DD-EB96-44D0-9CDD-ABF22ECBC359}.Debug|x64.ActiveCfg = Debug|x64
		{C161D9DD-EB96-44D0-9CDD-ABF22ECBC359}.Debug|x64.Build.0 = Debug|x64
		{C161D9DD-EB96-44D0-9CDD-ABF22ECBC359}.Release|x64.ActiveCfg = Release|x64
		{C161D9DD-EB96-44D0-9CDD-ABF22ECBC359}.Release|x64.Build.0 = Release|x64
		{D5E7BAC2-A961-4ECC-ADA4-82D7510952BA}.Debug|x64.ActiveCfg = Debug|x64
		{D5E7BAC2-A961-4ECC-ADA4-82D7510952BA}.Debug|x64.Build.0 = Debug|x64
		{D5E7BAC2-A961-4ECC-ADA4-82D7510952BA}.Release|x64.ActiveCfg = Release|x64
		{D5E7BAC2-A961-4ECC-ADA4-82D7510952BA}.Release|x64.Build.0 = Release|x64
		{9F489E5D-9F29-4235-A9D4-79B5BA4EC48D}.Debug|x64.ActiveCfg = Debug|x64
		{9F489E5D-9F29-4235-A9D4-79B5BA4EC48D}.Debug|x64.Build.0 = Debug|x64
		{9F489E5D-9F29-4235-A9D4-79B5BA4EC48D}.Release|x64.ActiveCfg = Release|x64
		{9F489E5D-9F29-4235-A9D4-79B5BA4EC48D}.Release|x64.Build.0 = Release|x64
		{0A696379-10A2-43FB-A26C-B42456FCF657}.Debug|x64.ActiveCfg = Debug|x64
		{0A696379-10A2-43FB-A26C-B42456FCF657}.Debug|x64.Build.0 = Debug|x64
		{0A696379-10A2-43FB-A26C-B42456FCF657}.Release|x64.ActiveCfg = Release|x64
		{0A696379-10A2-43FB-A26C-B42456FCF657}.Release|x64.Build.0 = Release|x64
		{2022B9AD-34CA-4FDA-80C2-42805FABE65B}.Debug|x64.ActiveCfg = Debug|x64
		{2022B9AD-34CA-4FDA-80C2-42805FABE65B}.Debug|x64.Build.0 = Debug|x64
		{2022B9AD-34CA-4FDA-80C2-42805FABE65B}.Release|x64.ActiveCfg = Release|x64
		{2022B9AD-34CA-4FDA-80C2-42805FABE65B}.Release|x64.Build.0 = Release|x64
		{0A98B714-818C-4DD3-A07C-BDD16399F362}.Debug|x64.ActiveCfg = Debug|x64
		{0A98B714-818C-4DD3-A07C-BDD16399F362}.Debug|x64.Build.0 = Debug|x64
		{0A98B714-818C-4DD3-A07C-BDD16399F362}.Release|x64.ActiveCfg = Release|x64
		{0A98B714-818C-4DD3-A07C-BDD16399F362}.Release|x64.Build.0 = Release|x64
		{78536B46-8307-4AE5-933E-0CADE2887AFB}.Debug|x64.ActiveCfg = Debug|x64
		{78536B46-8307-4AE5-933E-0CADE2887AFB}.Debug|x64.Build.0 = Debug|x64
		{78536B46-8307-4AE5-933E-0CADE2887AFB}.Release|x64.ActiveCfg = Release|x64
		{78536B46-8307-4AE5-933E-0CADE2887AFB}.Release|x64.Build.0 = Release|x64
		{B87B3522-7DAA-400D-A47D-A74B9B8B3552}.Debug|x64.ActiveCfg = Debug|x64
		{B87B3522-7DAA-400D-A47D-A74B9B8B3552}.Debug|x64.Build.0 = Debug|x64
		{B87B3522-7DAA-400D-A47D-A74B9B8B3552}.Release|x64.ActiveCfg = Release|x64
		{B87B3522-7DAA-400D-A47D-A74B9B8B3552}.Release|x64.Build.0 = Release|x64
		{D490B134-B794-42CF-8AF8-9FDA524B9D3B}.Debug|x64.ActiveCfg = Debug|x64
		{D490B134-B794-42CF-8AF8-9FDA524B9D3B}.Debug|x64.Build.0 = Debug|x64
		{D490B134-B794-42CF-8AF8-9FDA524B9D3B}.Release|x64.ActiveCfg = Release|x64
		{D490B134-B794-42CF-8AF8-9FDA524B9D3B}.Release|x64.Build.0 = Release|x64
		{D7AB4FEF-E7AF-443D-93A5-37F323F2042D}.Debug|x64.ActiveCfg = Debug|x64
		{D7AB4FEF-E7AF-443D-93A5-37F323F2042D}.Debug|x64.Build.0 = Debug|x64
		{D7AB4FEF-E7AF-443D-93A5-37F323F2042D}.Release|x64.ActiveCfg = Release|x64
		{D7AB4FEF-E7AF-443D-93A5-37F323F2042D}.Release|x64.Build.0 = Release|x64
		{79729949-F144-4098-BFE9-B6320E6AC3F6}.Debug|x64.ActiveCfg = Debug|x64
		{79729949-F144-4098-BFE9-B6320E6AC3F6}.Debug|x64.Build.0 = Debug|x64
		{79729949-F144-4098-BFE9-B6320E6AC3F6}.Release|x64.ActiveCfg = Release|x64
		{79729949-F144-4098-BFE9-B6320E6AC3F6}.Release|x64.Build.0 = Release|x64
		{21D2B291-80F4-476C-A643-B8A7034DF95F}.Debug|x64.ActiveCfg = Debug|x64
		{21D2B291-80F4-476C-A643-B8A7034DF95F}.Debug|x64.Build.0 = Debug|x64
		{21D2B291-80F4-476C-A643-B8A7034DF95F}.Release|x64.ActiveCfg = Release|x64
		{21D2B291-80F4-476C-A643-B8A7034DF95F}.Release|x64.Build.0 = Release|x64
		{25766C3F-C0D8-429F-A212-5FA3537B3E1C}.Debug|x64.ActiveCfg = Debug|x64
		{25766C3F-C0D8-429F-A212-5FA3537B3E1C}.Debug|x64.Build.0 = Debug|x64
		{25766C3F-C0D8-429F-A212-5FA3537B3E1C}.Release|x64.ActiveCfg = Release|x64
		{25766C3F-C0D8-429F-A212-5FA3537B3E1C}.Release|x64.Build.0 = Release|x64
		{2DE18D06-0F3A-4C6D-AF2B-40E074B3C3DC}.Debug|x64.ActiveCfg = Debug|x64
		{2DE18D06-0F3A-4C6D-AF2B-40E074B3C3DC}.Debug|x64.Build.0 = Debug|x64
		{2DE18D06-0F3A-4C6D-AF2B-40E074B3C3DC}.Release|x64.ActiveCfg = Release|x64
		{2DE18D06-0F3A-4C6D-AF2B-40E074B3C3DC}.Release|x64.Build.0 = Release|x64
		{8D186AB4-E544-42D6-B192-1AE2C946875E}.Debug|x64.ActiveCfg = Debug|x64
		{8D186AB4-E544-42D6-B192-1AE2C946875E}.Debug|x64.Build.0 = Debug|x64
		{8D186AB4-E544-42D6-B192-1AE2C946875E}.Release|x64.ActiveCfg = Release|x64
		{8D186AB4-E544-42D6-B192-1AE2C946875E}.Release|x64.Build.0 = Release|x64
		{C0826A05-9143-4545-B5DE-811C188CB54E}.Debug|x64.ActiveCfg = Debug|x64
		{C0826A05-9143-4545-B5DE-811C188CB54E}.Debug|x64.Build.0 = Debug|x64
		{C0826A05-9143-4545-B5DE-811C188CB54E}.Release|x64.ActiveCfg = Release|x64
		{C0826A05-9143-4545-B5DE-811C188CB54E}.Release|x64.Build.0 = Release|x64
		{B1C04D81-E666-466A-A394-A3E74C830692}.Debug|x64.ActiveCfg = Debug|x64
		{B1C04D81-E666-466A-A394-A3E74C830692}.Debug|x64.Build.0 = Debug|x64
		{B1C04D81-E666-466A-A394-A3E74C830692}.Release|x64.ActiveCfg = Release|x64
		{B1C04D81-E666-466A-A394-A3E74C830692}.Release|x64.Build.0 = Release|x64
		{7C09E027-5484-4641-8310-BDDEB1EC8676}.Debug|x64.ActiveCfg = Debug|x64
		{7C09E027-5484-4641-8310-BDDEB1EC8676}.Debug|x64.Build.0 = Debug|x64
		{7C09E027-5484-4641-8310-BDDEB1EC8676}.Release|x64.ActiveCfg = Release|x64
		{7C09E027-5484-4641-8310-BDDEB1EC8676}.Release|x64.Build.0 = Release|x64
		{ECD7ED50-B99D-44BE-BA38-E17D6110C3E5}.Debug|x64.ActiveCfg = Debug|x64
		{ECD7ED50-B99D-44BE-BA38-E17D6110C3E5}.Debug|x64.Build.0 = Debug|x64
		{ECD7ED50-B99D-44BE-BA38-E17D6110C3E5}.Release|x64.ActiveCfg = Release|x64
		{ECD7ED50-B99D-44BE-BA38-E17D6110C3E5}.Release|x64.Build.0 = Release|x64
		{CBDB8E7A-4286-4AE3-A190-BA33D7C53FF0}.Debug|x64.ActiveCfg = Debug|x64
		{CBDB8E7A-4286-4AE3-A190-BA33D7C53FF0}.Debug|x64.Build.0 = Debug|x64
		{CBDB8E7A-4286-4AE3-A190-BA33D7C53FF0}.Release|x64.ActiveCfg = Release|x64
		{CBDB8E7A-4286-4AE3-A190-BA33D7C53FF0}.Release|x64.Build.0 = Release|x64
	EndGlobalSection
	GlobalSection(SolutionProperties) = preSolution
		HideSolutionNode = FALSE
	EndGlobalSection
	GlobalSection(NestedProjects) = preSolution
		{925D5863-2F77-41B7-96F1-CC814762C40F} = {FD953EC0-F4C6-43DC-B568-070F71B9DDA7}
		{1333D945-B228-4845-9C91-C1B67AEEAED5} = {FD953EC0-F4C6-43DC-B568-070F71B9DDA7}
		{0DCBE03A-DAC7-4669-B29B-102D8F563736} = {FD953EC0-F4C6-43DC-B568-070F71B9DDA7}
		{C161D9DD-EB96-44D0-9CDD-ABF22ECBC359} = {FD953EC0-F4C6-43DC-B568-070F71B9DDA7}
		{D5E7BAC2-A961-4ECC-ADA4-82D7510952BA} = {FD953EC0-F4C6-43DC-B568-070F71B9DDA7}
		{9F489E5D-9F29-4235-A9D4-79B5BA4EC48D} = {FD953EC0-F4C6-43DC-B568-070F71B9DDA7}
		{0A696379-10A2-43FB-A26C-B42456FCF657} = {FD953EC0-F4C6-43DC-B568-070F71B9DDA7}
		{2022B9AD-34CA-4FDA-80C2-42805FABE65B} = {FD953EC0-F4C6-43DC-B568-070F71B9DDA7}
		{0A98B714-818C-4DD3-A07C-BDD16399F362} = {FD953EC0-F4C6-43DC-B568-070F71B9DDA7}
		{78536B46-8307-4AE5-933E-0CADE2887AFB} = {FD953EC0-F4C6-43DC-B568-070F71B9DDA7}
		{B87B3522-7DAA-400D-A47D-A74B9B8B3552} = {FD953EC0-F4C6-43DC-B568-070F71B9DDA7}
		{D490B134-B794-42CF-8AF8-9FDA524B9D3B} = {FD953EC0-F4C6-43DC-B568-070F71B9DDA7}
		{D7AB4FEF-E7AF-443D-93A5-37F323F2042D} = {FD953EC0-F4C6-43DC-B568-070F71B9DDA7}
		{79729949-F144-4098-BFE9-B6320E6AC3F6} = {FD953EC0-F4C6-43DC-B568-070F71B9DDA7}
		{21D2B291-80F4-476C-A643-B8A7034DF95F} = {FD953EC0-F4C6-43DC-B568-070F71B9DDA7}
		{25766C3F-C0D8-429F-A212-5FA3537B3E1C} = {FD953EC0-F4C6-43DC-B568-070F71B9DDA7}
		{2DE18D06-0F3A-4C6D-AF2B-40E074B3C3DC} = {FD953EC0-F4C6-43DC-B568-070F71B9DDA7}
		{8D186AB4-E544-42D6-B192-1AE2C946875E} = {FD953EC0-F4C6-43DC-B568-070F71B9DDA7}
		{C0826A05-9143-4545-B5DE-811C188CB54E} = {FD953EC0-F4C6-43DC-B568-070F71B9DDA7}
		{B1C04D81-E666-466A-A394-A3E74C830692} = {FD953EC0-F4C6-43DC-B568-070F71B9DDA7}
		{7C09E027-5484-4641-8310-BDDEB1EC8676} = {FD953EC0-F4C6-43DC-B568-070F71B9DDA7}
		{ECD7ED50-B99D-44BE-BA38-E17D6110C3E5} = {FD953EC0-F4C6-43DC-B568-070F71B9DDA7}
		{CBDB8E7A-4286-4AE3-A190-BA33D7C53FF0} = {BD8B0540-8ABB-41B2-8B39-BDD34503A631}
	EndGlobalSection
	GlobalSection(ExtensibilityGlobals) = postSolution
		SolutionGuid = {189DB484-ABA4-41EF-8592-43D86254F7DF}
	EndGlobalSection
EndGlobal
